
Microsoft Visual Studio Solution File, Format Version 12.00
# Visual Studio Version 16
VisualStudioVersion = 16.0.30804.86
MinimumVisualStudioVersion = 10.0.40219.1
Project("{2150E333-8FDC-42A3-9474-1A3956D46DE8}") = "BuildingBlocks", "BuildingBlocks", "{5FC473FD-F79D-425D-B30F-5FB65EEC1C28}"
EndProject
Project("{2150E333-8FDC-42A3-9474-1A3956D46DE8}") = "RabbitMQ", "RabbitMQ", "{C768135E-54F6-4DA2-9175-8835920A694A}"
EndProject
Project("{9A19103F-16F7-4668-BE54-9A1E7A4F7556}") = "MobileStore.BuildingBlocks.RabbitMQ.Domain", "src\BuildingBlocks\RabbitMQ\MobileStore.BuildingBlocks.RabbitMQ.Domain\MobileStore.BuildingBlocks.RabbitMQ.Domain.csproj", "{20E21276-DB05-4A43-BC11-31748C5D17CD}"
EndProject
Project("{9A19103F-16F7-4668-BE54-9A1E7A4F7556}") = "MobileStore.BuildingBlocks.RabbitMQ.EventBus", "src\BuildingBlocks\RabbitMQ\MobileStore.BuildingBlocks.RabbitMQ.EventBus\MobileStore.BuildingBlocks.RabbitMQ.EventBus.csproj", "{329446B7-CB70-4135-907D-DD4BB1E37B13}"
EndProject
Project("{2150E333-8FDC-42A3-9474-1A3956D46DE8}") = "Services", "Services", "{847F2447-F22F-4632-B4AB-830C0ED8468B}"
EndProject
Project("{2150E333-8FDC-42A3-9474-1A3956D46DE8}") = "Identity", "Identity", "{2456F62C-49A8-4D61-85D2-98B26860E2D7}"
EndProject
Project("{2150E333-8FDC-42A3-9474-1A3956D46DE8}") = "Core", "Core", "{DE3A5A9B-CA30-4FB5-9911-E39F7A023973}"
EndProject
Project("{2150E333-8FDC-42A3-9474-1A3956D46DE8}") = "Application", "Application", "{36433C7B-DC48-4DFF-8930-EEFD0723C7DA}"
EndProject
Project("{2150E333-8FDC-42A3-9474-1A3956D46DE8}") = "Domain", "Domain", "{4D89F6BD-53B7-4582-8452-2E9260CDDB42}"
EndProject
Project("{9A19103F-16F7-4668-BE54-9A1E7A4F7556}") = "MobileStore.Services.Identity.Application", "src\Services\Identity\Core\Application\MobileStore.Services.Identity.Application\MobileStore.Services.Identity.Application.csproj", "{865B4FB0-0C0A-4374-9177-8688F4CF2897}"
EndProject
Project("{9A19103F-16F7-4668-BE54-9A1E7A4F7556}") = "MobileStore.Services.Identity.Domain", "src\Services\Identity\Core\Domain\MobileStore.Services.Identity.Domain\MobileStore.Services.Identity.Domain.csproj", "{46E1B06B-52D2-4888-ADEB-401C8881F1B0}"
EndProject
Project("{2150E333-8FDC-42A3-9474-1A3956D46DE8}") = "Infrastructure", "Infrastructure", "{173A5518-4FCD-433F-8872-918FA612D1BC}"
EndProject
Project("{9A19103F-16F7-4668-BE54-9A1E7A4F7556}") = "MobileStore.Services.Identity.Infrastructure", "src\Services\Identity\Infrastructure\MobileStore.Services.Identity.Infrastructure\MobileStore.Services.Identity.Infrastructure.csproj", "{2ABC8F71-5FAD-4BE3-B23B-9E3C30AC4B42}"
EndProject
Project("{2150E333-8FDC-42A3-9474-1A3956D46DE8}") = "Persistence", "Persistence", "{A575D194-DC95-4EF1-AF85-A288ECD08EEC}"
EndProject
Project("{9A19103F-16F7-4668-BE54-9A1E7A4F7556}") = "MobileStore.Services.Identity.Persistence", "src\Services\Identity\Persistence\MobileStore.Services.Identity.Persistence\MobileStore.Services.Identity.Persistence.csproj", "{683182C3-D4D3-4A16-A673-3840BE2614FF}"
EndProject
Project("{2150E333-8FDC-42A3-9474-1A3956D46DE8}") = "WebApi", "WebApi", "{C114ED06-446A-4929-B018-6C4EA9A231BD}"
EndProject
Project("{9A19103F-16F7-4668-BE54-9A1E7A4F7556}") = "MobileStore.Services.Identity.WebApi", "src\Services\Identity\WebApi\MobileStore.Services.Identity.WebApi\MobileStore.Services.Identity.WebApi.csproj", "{2D9204EA-E915-4E81-A47A-C256E7962530}"
EndProject
Project("{2150E333-8FDC-42A3-9474-1A3956D46DE8}") = "Shared", "Shared", "{9B491EF4-01A9-4113-B13A-C97408A8654E}"
EndProject
Project("{9A19103F-16F7-4668-BE54-9A1E7A4F7556}") = "MobileStore.BuildingBlocks.Shared.Shared", "src\BuildingBlocks\Shared\MobileStore.BuildingBlocks.Shared.Shared\MobileStore.BuildingBlocks.Shared.Shared.csproj", "{B9FEEF3A-F5B8-491C-91BB-672549C0A6A9}"
EndProject
Project("{2150E333-8FDC-42A3-9474-1A3956D46DE8}") = "Catalog", "Catalog", "{6F0BE606-290B-49A4-A76F-5FDB8DD72BB0}"
EndProject
Project("{2150E333-8FDC-42A3-9474-1A3956D46DE8}") = "Infrastructure", "Infrastructure", "{41D38056-CFE0-4B11-9DC6-FB3A86096937}"
EndProject
Project("{2150E333-8FDC-42A3-9474-1A3956D46DE8}") = "Persistence", "Persistence", "{9F5D95CE-6969-4403-81F1-A670FF8C4014}"
EndProject
Project("{2150E333-8FDC-42A3-9474-1A3956D46DE8}") = "Core", "Core", "{33B659FA-55B9-47E1-ABB4-2E36E5E37B04}"
EndProject
Project("{2150E333-8FDC-42A3-9474-1A3956D46DE8}") = "WebApi", "WebApi", "{B5F7906C-B880-4EB2-8D5D-B58596E73D86}"
EndProject
Project("{2150E333-8FDC-42A3-9474-1A3956D46DE8}") = "Application", "Application", "{667D5B32-E14E-439B-901D-0FFC171FD5B6}"
EndProject
Project("{2150E333-8FDC-42A3-9474-1A3956D46DE8}") = "Domain", "Domain", "{DBE255F0-8B6B-45BB-9541-1F7BA1B04D0B}"
EndProject
Project("{9A19103F-16F7-4668-BE54-9A1E7A4F7556}") = "MobileStore.Services.Catalog.Application", "src\Services\Catalog\Core\Application\MobileStore.Services.Catalog.Application\MobileStore.Services.Catalog.Application.csproj", "{B3B2DE25-DF55-4BDA-A91F-4DBBE6581FB3}"
EndProject
Project("{9A19103F-16F7-4668-BE54-9A1E7A4F7556}") = "MobileStore.Services.Catalog.Domain", "src\Services\Catalog\Core\Domain\MobileStore.Services.Catalog.Domain\MobileStore.Services.Catalog.Domain.csproj", "{758CE826-5C50-42D0-AC6B-E47B744F24C7}"
EndProject
Project("{9A19103F-16F7-4668-BE54-9A1E7A4F7556}") = "MobileStore.Services.Catalog.Infrastructure", "src\Services\Catalog\Infrastructure\MobileStore.Services.Catalog.Infrastructure\MobileStore.Services.Catalog.Infrastructure.csproj", "{D9D64E04-F571-4DB1-A850-55D22123A806}"
EndProject
Project("{9A19103F-16F7-4668-BE54-9A1E7A4F7556}") = "MobileStore.Services.Catalog.Persistence", "src\Services\Catalog\Persistence\MobileStore.Services.Catalog.Persistence\MobileStore.Services.Catalog.Persistence.csproj", "{DF12337F-E4F6-4B0A-94E8-17B27959EEF3}"
EndProject
Project("{9A19103F-16F7-4668-BE54-9A1E7A4F7556}") = "MobileStore.Services.Catalog.WebApi", "src\Services\Catalog\WebApi\MobileStore.Services.Catalog.WebApi\MobileStore.Services.Catalog.WebApi.csproj", "{C27DB2BD-FB8B-4FCA-9CF3-99F321ED3BA5}"
EndProject
Global
	GlobalSection(SolutionConfigurationPlatforms) = preSolution
		Debug|Any CPU = Debug|Any CPU
		Release|Any CPU = Release|Any CPU
	EndGlobalSection
	GlobalSection(ProjectConfigurationPlatforms) = postSolution
		{20E21276-DB05-4A43-BC11-31748C5D17CD}.Debug|Any CPU.ActiveCfg = Debug|Any CPU
		{20E21276-DB05-4A43-BC11-31748C5D17CD}.Debug|Any CPU.Build.0 = Debug|Any CPU
		{20E21276-DB05-4A43-BC11-31748C5D17CD}.Release|Any CPU.ActiveCfg = Release|Any CPU
		{20E21276-DB05-4A43-BC11-31748C5D17CD}.Release|Any CPU.Build.0 = Release|Any CPU
		{329446B7-CB70-4135-907D-DD4BB1E37B13}.Debug|Any CPU.ActiveCfg = Debug|Any CPU
		{329446B7-CB70-4135-907D-DD4BB1E37B13}.Debug|Any CPU.Build.0 = Debug|Any CPU
		{329446B7-CB70-4135-907D-DD4BB1E37B13}.Release|Any CPU.ActiveCfg = Release|Any CPU
		{329446B7-CB70-4135-907D-DD4BB1E37B13}.Release|Any CPU.Build.0 = Release|Any CPU
		{865B4FB0-0C0A-4374-9177-8688F4CF2897}.Debug|Any CPU.ActiveCfg = Debug|Any CPU
		{865B4FB0-0C0A-4374-9177-8688F4CF2897}.Debug|Any CPU.Build.0 = Debug|Any CPU
		{865B4FB0-0C0A-4374-9177-8688F4CF2897}.Release|Any CPU.ActiveCfg = Release|Any CPU
		{865B4FB0-0C0A-4374-9177-8688F4CF2897}.Release|Any CPU.Build.0 = Release|Any CPU
		{46E1B06B-52D2-4888-ADEB-401C8881F1B0}.Debug|Any CPU.ActiveCfg = Debug|Any CPU
		{46E1B06B-52D2-4888-ADEB-401C8881F1B0}.Debug|Any CPU.Build.0 = Debug|Any CPU
		{46E1B06B-52D2-4888-ADEB-401C8881F1B0}.Release|Any CPU.ActiveCfg = Release|Any CPU
		{46E1B06B-52D2-4888-ADEB-401C8881F1B0}.Release|Any CPU.Build.0 = Release|Any CPU
		{2ABC8F71-5FAD-4BE3-B23B-9E3C30AC4B42}.Debug|Any CPU.ActiveCfg = Debug|Any CPU
		{2ABC8F71-5FAD-4BE3-B23B-9E3C30AC4B42}.Debug|Any CPU.Build.0 = Debug|Any CPU
		{2ABC8F71-5FAD-4BE3-B23B-9E3C30AC4B42}.Release|Any CPU.ActiveCfg = Release|Any CPU
		{2ABC8F71-5FAD-4BE3-B23B-9E3C30AC4B42}.Release|Any CPU.Build.0 = Release|Any CPU
		{683182C3-D4D3-4A16-A673-3840BE2614FF}.Debug|Any CPU.ActiveCfg = Debug|Any CPU
		{683182C3-D4D3-4A16-A673-3840BE2614FF}.Debug|Any CPU.Build.0 = Debug|Any CPU
		{683182C3-D4D3-4A16-A673-3840BE2614FF}.Release|Any CPU.ActiveCfg = Release|Any CPU
		{683182C3-D4D3-4A16-A673-3840BE2614FF}.Release|Any CPU.Build.0 = Release|Any CPU
		{2D9204EA-E915-4E81-A47A-C256E7962530}.Debug|Any CPU.ActiveCfg = Debug|Any CPU
		{2D9204EA-E915-4E81-A47A-C256E7962530}.Debug|Any CPU.Build.0 = Debug|Any CPU
		{2D9204EA-E915-4E81-A47A-C256E7962530}.Release|Any CPU.ActiveCfg = Release|Any CPU
		{2D9204EA-E915-4E81-A47A-C256E7962530}.Release|Any CPU.Build.0 = Release|Any CPU
		{B9FEEF3A-F5B8-491C-91BB-672549C0A6A9}.Debug|Any CPU.ActiveCfg = Debug|Any CPU
		{B9FEEF3A-F5B8-491C-91BB-672549C0A6A9}.Debug|Any CPU.Build.0 = Debug|Any CPU
		{B9FEEF3A-F5B8-491C-91BB-672549C0A6A9}.Release|Any CPU.ActiveCfg = Release|Any CPU
		{B9FEEF3A-F5B8-491C-91BB-672549C0A6A9}.Release|Any CPU.Build.0 = Release|Any CPU
		{B3B2DE25-DF55-4BDA-A91F-4DBBE6581FB3}.Debug|Any CPU.ActiveCfg = Debug|Any CPU
		{B3B2DE25-DF55-4BDA-A91F-4DBBE6581FB3}.Debug|Any CPU.Build.0 = Debug|Any CPU
		{B3B2DE25-DF55-4BDA-A91F-4DBBE6581FB3}.Release|Any CPU.ActiveCfg = Release|Any CPU
		{B3B2DE25-DF55-4BDA-A91F-4DBBE6581FB3}.Release|Any CPU.Build.0 = Release|Any CPU
		{758CE826-5C50-42D0-AC6B-E47B744F24C7}.Debug|Any CPU.ActiveCfg = Debug|Any CPU
		{758CE826-5C50-42D0-AC6B-E47B744F24C7}.Debug|Any CPU.Build.0 = Debug|Any CPU
		{758CE826-5C50-42D0-AC6B-E47B744F24C7}.Release|Any CPU.ActiveCfg = Release|Any CPU
		{758CE826-5C50-42D0-AC6B-E47B744F24C7}.Release|Any CPU.Build.0 = Release|Any CPU
		{D9D64E04-F571-4DB1-A850-55D22123A806}.Debug|Any CPU.ActiveCfg = Debug|Any CPU
		{D9D64E04-F571-4DB1-A850-55D22123A806}.Debug|Any CPU.Build.0 = Debug|Any CPU
		{D9D64E04-F571-4DB1-A850-55D22123A806}.Release|Any CPU.ActiveCfg = Release|Any CPU
		{D9D64E04-F571-4DB1-A850-55D22123A806}.Release|Any CPU.Build.0 = Release|Any CPU
		{DF12337F-E4F6-4B0A-94E8-17B27959EEF3}.Debug|Any CPU.ActiveCfg = Debug|Any CPU
		{DF12337F-E4F6-4B0A-94E8-17B27959EEF3}.Debug|Any CPU.Build.0 = Debug|Any CPU
		{DF12337F-E4F6-4B0A-94E8-17B27959EEF3}.Release|Any CPU.ActiveCfg = Release|Any CPU
		{DF12337F-E4F6-4B0A-94E8-17B27959EEF3}.Release|Any CPU.Build.0 = Release|Any CPU
		{C27DB2BD-FB8B-4FCA-9CF3-99F321ED3BA5}.Debug|Any CPU.ActiveCfg = Debug|Any CPU
		{C27DB2BD-FB8B-4FCA-9CF3-99F321ED3BA5}.Debug|Any CPU.Build.0 = Debug|Any CPU
		{C27DB2BD-FB8B-4FCA-9CF3-99F321ED3BA5}.Release|Any CPU.ActiveCfg = Release|Any CPU
		{C27DB2BD-FB8B-4FCA-9CF3-99F321ED3BA5}.Release|Any CPU.Build.0 = Release|Any CPU
	EndGlobalSection
	GlobalSection(SolutionProperties) = preSolution
		HideSolutionNode = FALSE
	EndGlobalSection
	GlobalSection(NestedProjects) = preSolution
		{C768135E-54F6-4DA2-9175-8835920A694A} = {5FC473FD-F79D-425D-B30F-5FB65EEC1C28}
		{20E21276-DB05-4A43-BC11-31748C5D17CD} = {C768135E-54F6-4DA2-9175-8835920A694A}
		{329446B7-CB70-4135-907D-DD4BB1E37B13} = {C768135E-54F6-4DA2-9175-8835920A694A}
		{2456F62C-49A8-4D61-85D2-98B26860E2D7} = {847F2447-F22F-4632-B4AB-830C0ED8468B}
		{DE3A5A9B-CA30-4FB5-9911-E39F7A023973} = {2456F62C-49A8-4D61-85D2-98B26860E2D7}
		{36433C7B-DC48-4DFF-8930-EEFD0723C7DA} = {DE3A5A9B-CA30-4FB5-9911-E39F7A023973}
		{4D89F6BD-53B7-4582-8452-2E9260CDDB42} = {DE3A5A9B-CA30-4FB5-9911-E39F7A023973}
		{865B4FB0-0C0A-4374-9177-8688F4CF2897} = {36433C7B-DC48-4DFF-8930-EEFD0723C7DA}
		{46E1B06B-52D2-4888-ADEB-401C8881F1B0} = {4D89F6BD-53B7-4582-8452-2E9260CDDB42}
		{173A5518-4FCD-433F-8872-918FA612D1BC} = {2456F62C-49A8-4D61-85D2-98B26860E2D7}
		{2ABC8F71-5FAD-4BE3-B23B-9E3C30AC4B42} = {173A5518-4FCD-433F-8872-918FA612D1BC}
		{A575D194-DC95-4EF1-AF85-A288ECD08EEC} = {2456F62C-49A8-4D61-85D2-98B26860E2D7}
		{683182C3-D4D3-4A16-A673-3840BE2614FF} = {A575D194-DC95-4EF1-AF85-A288ECD08EEC}
		{C114ED06-446A-4929-B018-6C4EA9A231BD} = {2456F62C-49A8-4D61-85D2-98B26860E2D7}
		{2D9204EA-E915-4E81-A47A-C256E7962530} = {C114ED06-446A-4929-B018-6C4EA9A231BD}
		{9B491EF4-01A9-4113-B13A-C97408A8654E} = {5FC473FD-F79D-425D-B30F-5FB65EEC1C28}
		{B9FEEF3A-F5B8-491C-91BB-672549C0A6A9} = {9B491EF4-01A9-4113-B13A-C97408A8654E}
		{6F0BE606-290B-49A4-A76F-5FDB8DD72BB0} = {847F2447-F22F-4632-B4AB-830C0ED8468B}
		{41D38056-CFE0-4B11-9DC6-FB3A86096937} = {6F0BE606-290B-49A4-A76F-5FDB8DD72BB0}
		{9F5D95CE-6969-4403-81F1-A670FF8C4014} = {6F0BE606-290B-49A4-A76F-5FDB8DD72BB0}
		{33B659FA-55B9-47E1-ABB4-2E36E5E37B04} = {6F0BE606-290B-49A4-A76F-5FDB8DD72BB0}
		{B5F7906C-B880-4EB2-8D5D-B58596E73D86} = {6F0BE606-290B-49A4-A76F-5FDB8DD72BB0}
		{667D5B32-E14E-439B-901D-0FFC171FD5B6} = {33B659FA-55B9-47E1-ABB4-2E36E5E37B04}
		{DBE255F0-8B6B-45BB-9541-1F7BA1B04D0B} = {33B659FA-55B9-47E1-ABB4-2E36E5E37B04}
		{B3B2DE25-DF55-4BDA-A91F-4DBBE6581FB3} = {667D5B32-E14E-439B-901D-0FFC171FD5B6}
		{758CE826-5C50-42D0-AC6B-E47B744F24C7} = {DBE255F0-8B6B-45BB-9541-1F7BA1B04D0B}
		{D9D64E04-F571-4DB1-A850-55D22123A806} = {41D38056-CFE0-4B11-9DC6-FB3A86096937}
		{DF12337F-E4F6-4B0A-94E8-17B27959EEF3} = {9F5D95CE-6969-4403-81F1-A670FF8C4014}
		{C27DB2BD-FB8B-4FCA-9CF3-99F321ED3BA5} = {B5F7906C-B880-4EB2-8D5D-B58596E73D86}
	EndGlobalSection
	GlobalSection(ExtensibilityGlobals) = postSolution
		SolutionGuid = {FCE5AB39-7BDF-4D35-B34E-514180D794AC}
	EndGlobalSection
EndGlobal
